
Microsoft Visual Studio Solution File, Format Version 12.00
# Visual Studio Version 17
VisualStudioVersion = 17.5.002.0
MinimumVisualStudioVersion = 10.0.40219.1
Project("{9A19103F-16F7-4668-BE54-9A1E7A4F7556}") = "Aula_1", "Aula_1\Aula_1.csproj", "{5FC0701C-DC62-4D81-A88F-37374EC2362B}"
EndProject
Project("{9A19103F-16F7-4668-BE54-9A1E7A4F7556}") = "Aula_2", "Aula_2\Aula_2.csproj", "{9fad524c-331d-4192-954b-9ce65ad89667}"
EndProject
Project("{9A19103F-16F7-4668-BE54-9A1E7A4F7556}") = "Aula_3", "Aula_3\Aula_3.csproj", "{7ee177ea-b056-40b7-b5ff-605795270387}"
EndProject
Project("{9A19103F-16F7-4668-BE54-9A1E7A4F7556}") = "Aula_4", "Aula_4\Aula_4.csproj", "{2930212e-8b88-4775-b5fc-4a4fa63ad6d3}"
EndProject
Project("{9A19103F-16F7-4668-BE54-9A1E7A4F7556}") = "Aula_5", "Aula_5\Aula_5.csproj", "{41f73589-b8fa-4e89-850d-464558ca9092}"
EndProject
Project("{9A19103F-16F7-4668-BE54-9A1E7A4F7556}") = "Aula_6", "Aula_6\Aula_6.csproj", "{c4a90c0f-384a-4738-9f9a-8ec8ca488762}"
EndProject
Project("{FAE04EC0-301F-11D3-BF4B-00C04F79EFBC}") = "Desafios", "Desafios\Desafios.csproj", "{A12B943D-88C3-4C64-B62A-3F7FE94B7E84}"
EndProject
Project("{FAE04EC0-301F-11D3-BF4B-00C04F79EFBC}") = "Aula_10", "Aula_10\Aula_10.csproj", "{A31B42FF-C911-40C8-9380-9F77316E146C}"
EndProject
Project("{FAE04EC0-301F-11D3-BF4B-00C04F79EFBC}") = "Aula_11", "Aula_11\Aula_11.csproj", "{77748A42-C20A-4769-8D19-5F2ABE633FA0}"
EndProject
Project("{FAE04EC0-301F-11D3-BF4B-00C04F79EFBC}") = "Aula_12", "Aula_12\Aula_12.csproj", "{C47994F5-FA12-49C6-BC87-C8AB7EE08244}"
EndProject
Project("{FAE04EC0-301F-11D3-BF4B-00C04F79EFBC}") = "Aula_13", "Aula_13\Aula_13.csproj", "{28EDB88A-F043-4852-AD14-7EFAF3C3FF60}"
EndProject
Project("{FAE04EC0-301F-11D3-BF4B-00C04F79EFBC}") = "Aula_14", "Aula_14\Aula_14.csproj", "{B95DDC48-20F0-4C18-90D5-75DCC637476E}"
EndProject
Project("{FAE04EC0-301F-11D3-BF4B-00C04F79EFBC}") = "Aula_15_OO", "Aula_15_OO\Aula_15_OO.csproj", "{84941775-59C8-4549-9D2A-C478E6B448E1}"
EndProject
Project("{FAE04EC0-301F-11D3-BF4B-00C04F79EFBC}") = "Aula_16_OO", "Aula_16_OO\Aula_16_OO.csproj", "{6F2D7D7A-D24D-4CCD-99A9-42370E6154F6}"
EndProject
Project("{FAE04EC0-301F-11D3-BF4B-00C04F79EFBC}") = "Aula_16_OO_Heranca", "Aula_16_OO_Heranca\Aula_16_OO_Heranca.csproj", "{11DD737D-3393-4809-B370-1FFDDAE201B5}"
EndProject
Project("{FAE04EC0-301F-11D3-BF4B-00C04F79EFBC}") = "Aula_17_OO", "Aula_17_OO\Aula_17_OO.csproj", "{10F01951-8FE9-4543-9FAE-E62C474F676B}"
EndProject
Project("{FAE04EC0-301F-11D3-BF4B-00C04F79EFBC}") = "Aula_17_OO_Visibilidade", "Aula_17_OO_Visibilidade\Aula_17_OO_Visibilidade.csproj", "{FD3045CA-FCCC-4C21-88F5-48B4F4C78E34}"
EndProject
Project("{FAE04EC0-301F-11D3-BF4B-00C04F79EFBC}") = "Aula_18_OO_Encapsulamento", "Aula_18_OO_Encapsulamento\Aula_18_OO_Encapsulamento.csproj", "{3AE5D845-E050-46D5-B916-8538EE27E018}"
EndProject
Global
	GlobalSection(SolutionConfigurationPlatforms) = preSolution
		Debug|Any CPU = Debug|Any CPU
		Release|Any CPU = Release|Any CPU
	EndGlobalSection
	GlobalSection(ProjectConfigurationPlatforms) = postSolution
		{5FC0701C-DC62-4D81-A88F-37374EC2362B}.Debug|Any CPU.ActiveCfg = Debug|Any CPU
		{5FC0701C-DC62-4D81-A88F-37374EC2362B}.Debug|Any CPU.Build.0 = Debug|Any CPU
		{5FC0701C-DC62-4D81-A88F-37374EC2362B}.Release|Any CPU.ActiveCfg = Release|Any CPU
		{5FC0701C-DC62-4D81-A88F-37374EC2362B}.Release|Any CPU.Build.0 = Release|Any CPU
		{A12B943D-88C3-4C64-B62A-3F7FE94B7E84}.Debug|Any CPU.ActiveCfg = Debug|Any CPU
		{A12B943D-88C3-4C64-B62A-3F7FE94B7E84}.Debug|Any CPU.Build.0 = Debug|Any CPU
		{A12B943D-88C3-4C64-B62A-3F7FE94B7E84}.Release|Any CPU.ActiveCfg = Release|Any CPU
		{A12B943D-88C3-4C64-B62A-3F7FE94B7E84}.Release|Any CPU.Build.0 = Release|Any CPU
		{A31B42FF-C911-40C8-9380-9F77316E146C}.Debug|Any CPU.ActiveCfg = Debug|Any CPU
		{A31B42FF-C911-40C8-9380-9F77316E146C}.Debug|Any CPU.Build.0 = Debug|Any CPU
		{A31B42FF-C911-40C8-9380-9F77316E146C}.Release|Any CPU.ActiveCfg = Release|Any CPU
		{A31B42FF-C911-40C8-9380-9F77316E146C}.Release|Any CPU.Build.0 = Release|Any CPU
		{77748A42-C20A-4769-8D19-5F2ABE633FA0}.Debug|Any CPU.ActiveCfg = Debug|Any CPU
		{77748A42-C20A-4769-8D19-5F2ABE633FA0}.Debug|Any CPU.Build.0 = Debug|Any CPU
		{77748A42-C20A-4769-8D19-5F2ABE633FA0}.Release|Any CPU.ActiveCfg = Release|Any CPU
		{77748A42-C20A-4769-8D19-5F2ABE633FA0}.Release|Any CPU.Build.0 = Release|Any CPU
		{C47994F5-FA12-49C6-BC87-C8AB7EE08244}.Debug|Any CPU.ActiveCfg = Debug|Any CPU
		{C47994F5-FA12-49C6-BC87-C8AB7EE08244}.Debug|Any CPU.Build.0 = Debug|Any CPU
		{C47994F5-FA12-49C6-BC87-C8AB7EE08244}.Release|Any CPU.ActiveCfg = Release|Any CPU
		{C47994F5-FA12-49C6-BC87-C8AB7EE08244}.Release|Any CPU.Build.0 = Release|Any CPU
		{28EDB88A-F043-4852-AD14-7EFAF3C3FF60}.Debug|Any CPU.ActiveCfg = Debug|Any CPU
		{28EDB88A-F043-4852-AD14-7EFAF3C3FF60}.Debug|Any CPU.Build.0 = Debug|Any CPU
		{28EDB88A-F043-4852-AD14-7EFAF3C3FF60}.Release|Any CPU.ActiveCfg = Release|Any CPU
		{28EDB88A-F043-4852-AD14-7EFAF3C3FF60}.Release|Any CPU.Build.0 = Release|Any CPU
		{B95DDC48-20F0-4C18-90D5-75DCC637476E}.Debug|Any CPU.ActiveCfg = Debug|Any CPU
		{B95DDC48-20F0-4C18-90D5-75DCC637476E}.Debug|Any CPU.Build.0 = Debug|Any CPU
		{B95DDC48-20F0-4C18-90D5-75DCC637476E}.Release|Any CPU.ActiveCfg = Release|Any CPU
		{B95DDC48-20F0-4C18-90D5-75DCC637476E}.Release|Any CPU.Build.0 = Release|Any CPU
		{84941775-59C8-4549-9D2A-C478E6B448E1}.Debug|Any CPU.ActiveCfg = Debug|Any CPU
		{84941775-59C8-4549-9D2A-C478E6B448E1}.Debug|Any CPU.Build.0 = Debug|Any CPU
		{84941775-59C8-4549-9D2A-C478E6B448E1}.Release|Any CPU.ActiveCfg = Release|Any CPU
		{84941775-59C8-4549-9D2A-C478E6B448E1}.Release|Any CPU.Build.0 = Release|Any CPU
		{6F2D7D7A-D24D-4CCD-99A9-42370E6154F6}.Debug|Any CPU.ActiveCfg = Debug|Any CPU
		{6F2D7D7A-D24D-4CCD-99A9-42370E6154F6}.Debug|Any CPU.Build.0 = Debug|Any CPU
		{6F2D7D7A-D24D-4CCD-99A9-42370E6154F6}.Release|Any CPU.ActiveCfg = Release|Any CPU
		{6F2D7D7A-D24D-4CCD-99A9-42370E6154F6}.Release|Any CPU.Build.0 = Release|Any CPU
		{11DD737D-3393-4809-B370-1FFDDAE201B5}.Debug|Any CPU.ActiveCfg = Debug|Any CPU
		{11DD737D-3393-4809-B370-1FFDDAE201B5}.Debug|Any CPU.Build.0 = Debug|Any CPU
		{11DD737D-3393-4809-B370-1FFDDAE201B5}.Release|Any CPU.ActiveCfg = Release|Any CPU
		{11DD737D-3393-4809-B370-1FFDDAE201B5}.Release|Any CPU.Build.0 = Release|Any CPU
		{10F01951-8FE9-4543-9FAE-E62C474F676B}.Debug|Any CPU.ActiveCfg = Debug|Any CPU
		{10F01951-8FE9-4543-9FAE-E62C474F676B}.Debug|Any CPU.Build.0 = Debug|Any CPU
		{10F01951-8FE9-4543-9FAE-E62C474F676B}.Release|Any CPU.ActiveCfg = Release|Any CPU
		{10F01951-8FE9-4543-9FAE-E62C474F676B}.Release|Any CPU.Build.0 = Release|Any CPU
		{FD3045CA-FCCC-4C21-88F5-48B4F4C78E34}.Debug|Any CPU.ActiveCfg = Debug|Any CPU
		{FD3045CA-FCCC-4C21-88F5-48B4F4C78E34}.Debug|Any CPU.Build.0 = Debug|Any CPU
		{FD3045CA-FCCC-4C21-88F5-48B4F4C78E34}.Release|Any CPU.ActiveCfg = Release|Any CPU
		{FD3045CA-FCCC-4C21-88F5-48B4F4C78E34}.Release|Any CPU.Build.0 = Release|Any CPU
		{3AE5D845-E050-46D5-B916-8538EE27E018}.Debug|Any CPU.ActiveCfg = Debug|Any CPU
		{3AE5D845-E050-46D5-B916-8538EE27E018}.Debug|Any CPU.Build.0 = Debug|Any CPU
		{3AE5D845-E050-46D5-B916-8538EE27E018}.Release|Any CPU.ActiveCfg = Release|Any CPU
		{3AE5D845-E050-46D5-B916-8538EE27E018}.Release|Any CPU.Build.0 = Release|Any CPU
	EndGlobalSection
	GlobalSection(SolutionProperties) = preSolution
		HideSolutionNode = FALSE
	EndGlobalSection
	GlobalSection(ExtensibilityGlobals) = postSolution
		SolutionGuid = {94F06D4C-D994-409F-B5B1-9FE71CD5FE1B}
	EndGlobalSection
EndGlobal
